
Microsoft Visual Studio Solution File, Format Version 12.00
# Visual Studio Version 17
VisualStudioVersion = 17.3.32929.385
MinimumVisualStudioVersion = 10.0.40219.1
Project("{FAE04EC0-301F-11D3-BF4B-00C04F79EFBC}") = "Homework_6_KravchukSophia", "Homework_6_KravchukSophia\Homework_6_KravchukSophia.csproj", "{86887D6D-4257-4147-B6C6-692FFA17513A}"
EndProject
Global
	GlobalSection(SolutionConfigurationPlatforms) = preSolution
		Debug|Any CPU = Debug|Any CPU
		Release|Any CPU = Release|Any CPU
	EndGlobalSection
	GlobalSection(ProjectConfigurationPlatforms) = postSolution
		{86887D6D-4257-4147-B6C6-692FFA17513A}.Debug|Any CPU.ActiveCfg = Debug|Any CPU
		{86887D6D-4257-4147-B6C6-692FFA17513A}.Debug|Any CPU.Build.0 = Debug|Any CPU
		{86887D6D-4257-4147-B6C6-692FFA17513A}.Release|Any CPU.ActiveCfg = Release|Any CPU
		{86887D6D-4257-4147-B6C6-692FFA17513A}.Release|Any CPU.Build.0 = Release|Any CPU
	EndGlobalSection
	GlobalSection(SolutionProperties) = preSolution
		HideSolutionNode = FALSE
	EndGlobalSection
	GlobalSection(ExtensibilityGlobals) = postSolution
		SolutionGuid = {7E57E284-3D85-468F-A6AC-C349626C9692}
	EndGlobalSection
EndGlobal
