
Microsoft Visual Studio Solution File, Format Version 12.00
# Visual Studio Version 17
VisualStudioVersion = 17.3.32929.385
MinimumVisualStudioVersion = 10.0.40219.1
Project("{FAE04EC0-301F-11D3-BF4B-00C04F79EFBC}") = "Homework_3_KravchukSophia", "Homework_3_KravchukSophia\Homework_3_KravchukSophia.csproj", "{DD4B7229-75BB-4DAE-80B2-9A0AC6C09134}"
EndProject
Global
	GlobalSection(SolutionConfigurationPlatforms) = preSolution
		Debug|Any CPU = Debug|Any CPU
		Release|Any CPU = Release|Any CPU
	EndGlobalSection
	GlobalSection(ProjectConfigurationPlatforms) = postSolution
		{DD4B7229-75BB-4DAE-80B2-9A0AC6C09134}.Debug|Any CPU.ActiveCfg = Debug|Any CPU
		{DD4B7229-75BB-4DAE-80B2-9A0AC6C09134}.Debug|Any CPU.Build.0 = Debug|Any CPU
		{DD4B7229-75BB-4DAE-80B2-9A0AC6C09134}.Release|Any CPU.ActiveCfg = Release|Any CPU
		{DD4B7229-75BB-4DAE-80B2-9A0AC6C09134}.Release|Any CPU.Build.0 = Release|Any CPU
	EndGlobalSection
	GlobalSection(SolutionProperties) = preSolution
		HideSolutionNode = FALSE
	EndGlobalSection
	GlobalSection(ExtensibilityGlobals) = postSolution
		SolutionGuid = {10F4A28A-1425-4B6E-A9C9-61B1DF51E17D}
	EndGlobalSection
EndGlobal
